
Microsoft Visual Studio Solution File, Format Version 12.00
# Visual Studio Version 16
VisualStudioVersion = 16.0.31911.196
MinimumVisualStudioVersion = 10.0.40219.1
Project("{FAE04EC0-301F-11D3-BF4B-00C04F79EFBC}") = "SomeAlgorithmProblems", "SameAlgorithmProblems\SomeAlgorithmProblems.csproj", "{BC0E157A-FA5D-4B79-A02E-6DF7258594F4}"
EndProject
Global
	GlobalSection(SolutionConfigurationPlatforms) = preSolution
		Debug|Any CPU = Debug|Any CPU
		Release|Any CPU = Release|Any CPU
	EndGlobalSection
	GlobalSection(ProjectConfigurationPlatforms) = postSolution
		{BC0E157A-FA5D-4B79-A02E-6DF7258594F4}.Debug|Any CPU.ActiveCfg = Debug|Any CPU
		{BC0E157A-FA5D-4B79-A02E-6DF7258594F4}.Debug|Any CPU.Build.0 = Debug|Any CPU
		{BC0E157A-FA5D-4B79-A02E-6DF7258594F4}.Release|Any CPU.ActiveCfg = Release|Any CPU
		{BC0E157A-FA5D-4B79-A02E-6DF7258594F4}.Release|Any CPU.Build.0 = Release|Any CPU
	EndGlobalSection
	GlobalSection(SolutionProperties) = preSolution
		HideSolutionNode = FALSE
	EndGlobalSection
	GlobalSection(ExtensibilityGlobals) = postSolution
		SolutionGuid = {F706F938-E8EF-4D77-962C-EFAACC74BF7B}
	EndGlobalSection
EndGlobal
